{
  "name": "equityup-token",
  "version": "1.0.0",
  "lockfileVersion": 1,
  "requires": true,
  "dependencies": {
    "openzeppelin-solidity": {
      "version": "2.1.2",
      "resolved": "https://registry.npmjs.org/openzeppelin-solidity/-/openzeppelin-solidity-2.1.2.tgz",
      "integrity": "sha512-1ggh+AZFpMAgGfgnVMQ8dwYawjD2QN4xuWkQS4FUbeUz1fnCKJpguUl2cyadyfDYjBq1XJ6MA6VkzYpTZtJMqw=="
    }
  }
}
